// !$*UTF8*$!
{
	archiveVersion = 1;
	classes = {
	};
	objectVersion = 46;
	objects = {

/* Begin PBXBuildFile section */
		796248531E952D9600AB8361 /* AppDelegate.swift in Sources */ = {isa = PBXBuildFile; fileRef = 796248521E952D9600AB8361 /* AppDelegate.swift */; };
		796248551E952D9600AB8361 /* ViewController.swift in Sources */ = {isa = PBXBuildFile; fileRef = 796248541E952D9600AB8361 /* ViewController.swift */; };
		796248571E952D9700AB8361 /* Assets.xcassets in Resources */ = {isa = PBXBuildFile; fileRef = 796248561E952D9700AB8361 /* Assets.xcassets */; };
		7962485A1E952D9700AB8361 /* Main.storyboard in Resources */ = {isa = PBXBuildFile; fileRef = 796248581E952D9700AB8361 /* Main.storyboard */; };
/* End PBXBuildFile section */

/* Begin PBXFileReference section */
		7962484F1E952D9600AB8361 /* LIROS.app */ = {isa = PBXFileReference; explicitFileType = wrapper.application; includeInIndex = 0; path = LIROS.app; sourceTree = BUILT_PRODUCTS_DIR; };
		796248521E952D9600AB8361 /* AppDelegate.swift */ = {isa = PBXFileReference; lastKnownFileType = sourcecode.swift; path = AppDelegate.swift; sourceTree = "<group>"; };
		796248541E952D9600AB8361 /* ViewController.swift */ = {isa = PBXFileReference; lastKnownFileType = sourcecode.swift; path = ViewController.swift; sourceTree = "<group>"; };
		796248561E952D9700AB8361 /* Assets.xcassets */ = {isa = PBXFileReference; lastKnownFileType = folder.assetcatalog; path = Assets.xcassets; sourceTree = "<group>"; };
		796248591E952D9700AB8361 /* Base */ = {isa = PBXFileReference; lastKnownFileType = file.storyboard; name = Base; path = Base.lproj/Main.storyboard; sourceTree = "<group>"; };
		7962485B1E952D9700AB8361 /* Info.plist */ = {isa = PBXFileReference; lastKnownFileType = text.plist.xml; path = Info.plist; sourceTree = "<group>"; };
/* End PBXFileReference section */

/* Begin PBXFrameworksBuildPhase section */
		7962484C1E952D9600AB8361 /* Frameworks */ = {
			isa = PBXFrameworksBuildPhase;
			buildActionMask = 2147483647;
			files = (
			);
			runOnlyForDeploymentPostprocessing = 0;
		};
/* End PBXFrameworksBuildPhase section */

/* Begin PBXGroup section */
		796248461E952D9600AB8361 = {
			isa = PBXGroup;
			children = (
				796248511E952D9600AB8361 /* LIROS */,
				796248501E952D9600AB8361 /* Products */,
			);
			sourceTree = "<group>";
		};
		796248501E952D9600AB8361 /* Products */ = {
			isa = PBXGroup;
			children = (
				7962484F1E952D9600AB8361 /* LIROS.app */,
			);
			name = Products;
			sourceTree = "<group>";
		};
		796248511E952D9600AB8361 /* LIROS */ = {
			isa = PBXGroup;
			children = (
				796248521E952D9600AB8361 /* AppDelegate.swift */,
				796248541E952D9600AB8361 /* ViewController.swift */,
				796248561E952D9700AB8361 /* Assets.xcassets */,
				796248581E952D9700AB8361 /* Main.storyboard */,
				7962485B1E952D9700AB8361 /* Info.plist */,
			);
			path = LIROS;
			sourceTree = "<group>";
		};
/* End PBXGroup section */

/* Begin PBXNativeTarget section */
		7962484E1E952D9600AB8361 /* LIROS */ = {
			isa = PBXNativeTarget;
			buildConfigurationList = 7962485E1E952D9700AB8361 /* Build configuration list for PBXNativeTarget "LIROS" */;
			buildPhases = (
				7962484B1E952D9600AB8361 /* Sources */,
				7962484C1E952D9600AB8361 /* Frameworks */,
				7962484D1E952D9600AB8361 /* Resources */,
			);
			buildRules = (
			);
			dependencies = (
			);
			name = LIROS;
			productName = LIROS;
			productReference = 7962484F1E952D9600AB8361 /* LIROS.app */;
			productType = "com.apple.product-type.application";
		};
/* End PBXNativeTarget section */

/* Begin PBXProject section */
		796248471E952D9600AB8361 /* Project object */ = {
			isa = PBXProject;
			attributes = {
				LastSwiftUpdateCheck = 0820;
				LastUpgradeCheck = 0820;
				ORGANIZATIONNAME = "Fulgent Wake";
				TargetAttributes = {
					7962484E1E952D9600AB8361 = {
						CreatedOnToolsVersion = 8.2;
						DevelopmentTeam = VY6BVT84SC;
						ProvisioningStyle = Automatic;
					};
				};
			};
			buildConfigurationList = 7962484A1E952D9600AB8361 /* Build configuration list for PBXProject "LIROS" */;
			compatibilityVersion = "Xcode 3.2";
			developmentRegion = English;
			hasScannedForEncodings = 0;
			knownRegions = (
				en,
				Base,
			);
			mainGroup = 796248461E952D9600AB8361;
			productRefGroup = 796248501E952D9600AB8361 /* Products */;
			projectDirPath = "";
			projectRoot = "";
			targets = (
				7962484E1E952D9600AB8361 /* LIROS */,
			);
		};
/* End PBXProject section */

/* Begin PBXResourcesBuildPhase section */
		7962484D1E952D9600AB8361 /* Resources */ = {
			isa = PBXResourcesBuildPhase;
			buildActionMask = 2147483647;
			files = (
				796248571E952D9700AB8361 /* Assets.xcassets in Resources */,
				7962485A1E952D9700AB8361 /* Main.storyboard in Resources */,
			);
			runOnlyForDeploymentPostprocessing = 0;
		};
/* End PBXResourcesBuildPhase section */

/* Begin PBXSourcesBuildPhase section */
		7962484B1E952D9600AB8361 /* Sources */ = {
			isa = PBXSourcesBuildPhase;
			buildActionMask = 2147483647;
			files = (
				796248551E952D9600AB8361 /* ViewController.swift in Sources */,
				796248531E952D9600AB8361 /* AppDelegate.swift in Sources */,
			);
			runOnlyForDeploymentPostprocessing = 0;
		};
/* End PBXSourcesBuildPhase section */

/* Begin PBXVariantGroup section */
		796248581E952D9700AB8361 /* Main.storyboard */ = {
			isa = PBXVariantGroup;
			children = (
				796248591E952D9700AB8361 /* Base */,
			);
			name = Main.storyboard;
			sourceTree = "<group>";
		};
/* End PBXVariantGroup section */

/* Begin XCBuildConfiguration section */
		7962485C1E952D9700AB8361 /* Debug */ = {
			isa = XCBuildConfiguration;
			buildSettings = {
				ALWAYS_SEARCH_USER_PATHS = NO;
				CLANG_ANALYZER_NONNULL = YES;
				CLANG_CXX_LANGUAGE_STANDARD = "gnu++0x";
				CLANG_CXX_LIBRARY = "libc++";
				CLANG_ENABLE_MODULES = YES;
				CLANG_ENABLE_OBJC_ARC = YES;
				CLANG_WARN_BOOL_CONVERSION = YES;
				CLANG_WARN_CONSTANT_CONVERSION = YES;
				CLANG_WARN_DIRECT_OBJC_ISA_USAGE = YES_ERROR;
				CLANG_WARN_DOCUMENTATION_COMMENTS = YES;
				CLANG_WARN_EMPTY_BODY = YES;
				CLANG_WARN_ENUM_CONVERSION = YES;
				CLANG_WARN_INFINITE_RECURSION = YES;
				CLANG_WARN_INT_CONVERSION = YES;
				CLANG_WARN_OBJC_ROOT_CLASS = YES_ERROR;
				CLANG_WARN_SUSPICIOUS_MOVE = YES;
				CLANG_WARN_UNREACHABLE_CODE = YES;
				CLANG_WARN__DUPLICATE_METHOD_MATCH = YES;
				CODE_SIGN_IDENTITY = "-";
				COPY_PHASE_STRIP = NO;
				DEBUG_INFORMATION_FORMAT = dwarf;
				ENABLE_STRICT_OBJC_MSGSEND = YES;
				ENABLE_TESTABILITY = YES;
				GCC_C_LANGUAGE_STANDARD = gnu99;
				GCC_DYNAMIC_NO_PIC = NO;
				GCC_NO_COMMON_BLOCKS = YES;
				GCC_OPTIMIZATION_LEVEL = 0;
				GCC_PREPROCESSOR_DEFINITIONS = (
					"DEBUG=1",
					"$(inherited)",
				);
				GCC_WARN_64_TO_32_BIT_CONVERSION = YES;
				GCC_WARN_ABOUT_RETURN_TYPE = YES_ERROR;
				GCC_WARN_UNDECLARED_SELECTOR = YES;
				GCC_WARN_UNINITIALIZED_AUTOS = YES_AGGRESSIVE;
				GCC_WARN_UNUSED_FUNCTION = YES;
				GCC_WARN_UNUSED_VARIABLE = YES;
				MACOSX_DEPLOYMENT_TARGET = 10.12;
				MTL_ENABLE_DEBUG_INFO = YES;
				ONLY_ACTIVE_ARCH = YES;
				SDKROOT = macosx;
				SWIFT_ACTIVE_COMPILATION_CONDITIONS = DEBUG;
				SWIFT_OPTIMIZATION_LEVEL = "-Onone";
			};
			name = Debug;
		};
		7962485D1E952D9700AB8361 /* Release */ = {
			isa = XCBuildConfiguration;
			buildSettings = {
				ALWAYS_SEARCH_USER_PATHS = NO;
				CLANG_ANALYZER_NONNULL = YES;
				CLANG_CXX_LANGUAGE_STANDARD = "gnu++0x";
				CLANG_CXX_LIBRARY = "libc++";
				CLANG_ENABLE_MODULES = YES;
				CLANG_ENABLE_OBJC_ARC = YES;
				CLANG_WARN_BOOL_CONVERSION = YES;
				CLANG_WARN_CONSTANT_CONVERSION = YES;
				CLANG_WARN_DIRECT_OBJC_ISA_USAGE = YES_ERROR;
				CLANG_WARN_DOCUMENTATION_COMMENTS = YES;
				CLANG_WARN_EMPTY_BODY = YES;
				CLANG_WARN_ENUM_CONVERSION = YES;
				CLANG_WARN_INFINITE_RECURSION = YES;
				CLANG_WARN_INT_CONVERSION = YES;
				CLANG_WARN_OBJC_ROOT_CLASS = YES_ERROR;
				CLANG_WARN_SUSPICIOUS_MOVE = YES;
				CLANG_WARN_UNREACHABLE_CODE = YES;
				CLANG_WARN__DUPLICATE_METHOD_MATCH = YES;
				CODE_SIGN_IDENTITY = "-";
				COPY_PHASE_STRIP = NO;
				DEBUG_INFORMATION_FORMAT = "dwarf-with-dsym";
				ENABLE_NS_ASSERTIONS = NO;
				ENABLE_STRICT_OBJC_MSGSEND = YES;
				GCC_C_LANGUAGE_STANDARD = gnu99;
				GCC_NO_COMMON_BLOCKS = YES;
				GCC_WARN_64_TO_32_BIT_CONVERSION = YES;
				GCC_WARN_ABOUT_RETURN_TYPE = YES_ERROR;
				GCC_WARN_UNDECLARED_SELECTOR = YES;
				GCC_WARN_UNINITIALIZED_AUTOS = YES_AGGRESSIVE;
				GCC_WARN_UNUSED_FUNCTION = YES;
				GCC_WARN_UNUSED_VARIABLE = YES;
				MACOSX_DEPLOYMENT_TARGET = 10.12;
				MTL_ENABLE_DEBUG_INFO = NO;
				SDKROOT = macosx;
				SWIFT_OPTIMIZATION_LEVEL = "-Owholemodule";
			};
			name = Release;
		};
		7962485F1E952D9700AB8361 /* Debug */ = {
			isa = XCBuildConfiguration;
			buildSettings = {
				ASSETCATALOG_COMPILER_APPICON_NAME = AppIcon;
				COMBINE_HIDPI_IMAGES = YES;
				DEVELOPMENT_TEAM = VY6BVT84SC;
				INFOPLIST_FILE = LIROS/Info.plist;
				LD_RUNPATH_SEARCH_PATHS = "$(inherited) @executable_path/../Frameworks";
				PRODUCT_BUNDLE_IDENTIFIER = com.fulgentwake.LIROS;
				PRODUCT_NAME = "$(TARGET_NAME)";
				SWIFT_VERSION = 3.0;
			};
			name = Debug;
		};
		796248601E952D9700AB8361 /* Release */ = {
			isa = XCBuildConfiguration;
			buildSettings = {
				ASSETCATALOG_COMPILER_APPICON_NAME = AppIcon;
				COMBINE_HIDPI_IMAGES = YES;
				DEVELOPMENT_TEAM = VY6BVT84SC;
				INFOPLIST_FILE = LIROS/Info.plist;
				LD_RUNPATH_SEARCH_PATHS = "$(inherited) @executable_path/../Frameworks";
				PRODUCT_BUNDLE_IDENTIFIER = com.fulgentwake.LIROS;
				PRODUCT_NAME = "$(TARGET_NAME)";
				SWIFT_VERSION = 3.0;
			};
			name = Release;
		};
/* End XCBuildConfiguration section */

/* Begin XCConfigurationList section */
		7962484A1E952D9600AB8361 /* Build configuration list for PBXProject "LIROS" */ = {
			isa = XCConfigurationList;
			buildConfigurations = (
				7962485C1E952D9700AB8361 /* Debug */,
				7962485D1E952D9700AB8361 /* Release */,
			);
			defaultConfigurationIsVisible = 0;
			defaultConfigurationName = Release;
		};
		7962485E1E952D9700AB8361 /* Build configuration list for PBXNativeTarget "LIROS" */ = {
			isa = XCConfigurationList;
			buildConfigurations = (
				7962485F1E952D9700AB8361 /* Debug */,
				796248601E952D9700AB8361 /* Release */,
			);
			defaultConfigurationIsVisible = 0;
		};
/* End XCConfigurationList section */
	};
	rootObject = 796248471E952D9600AB8361 /* Project object */;
}
